<?xml version="1.0" encoding="utf-8"?>
<Project ToolsVersion="4.0" xmlns="http://schemas.microsoft.com/developer/msbuild/2003">
  <ItemGroup>
    <Filter Include="Source Files">
      <UniqueIdentifier>{4FC737F1-C7A5-4376-A066-2A32D752A2FF}</UniqueIdentifier>
      <Extensions>cpp;c;cc;cxx;def;odl;idl;hpj;bat;asm;asmx</Extensions>
    </Filter>
    <Filter Include="Header Files">
      <UniqueIdentifier>{93995380-89BD-4b04-88EB-625FBE52EBFB}</UniqueIdentifier>
      <Extensions>h;hh;hpp;hxx;hm;inl;inc;xsd</Extensions>
    </Filter>
    <Filter Include="Resource Files">
      <UniqueIdentifier>{67DA6AB6-F800-4c08-8B7A-83BB121AAD01}</UniqueIdentifier>
      <Extensions>rc;ico;cur;bmp;dlg;rc2;rct;bin;rgs;gif;jpg;jpeg;jpe;resx;tiff;tif;png;wav;mfcribbon-ms</Extensions>
    </Filter>
    <Filter Include="Source Files\tests">
      <UniqueIdentifier>{4181f9ad-2d1f-4531-bddf-ba9ed5ab5b87}</UniqueIdentifier>
    </Filter>
  </ItemGroup>
  <ItemGroup>
    <ClInclude Include="basic_types.hxx">
      <Filter>Header Files</Filter>
    </ClInclude>
    <ClInclude Include="cornerstone.hxx">
      <Filter>Header Files</Filter>
    </ClInclude>
    <ClInclude Include="log_entry.hxx">
      <Filter>Header Files</Filter>
    </ClInclude>
    <ClInclude Include="buffer.hxx">
      <Filter>Header Files</Filter>
    </ClInclude>
    <ClInclude Include="msg_base.hxx">
      <Filter>Header Files</Filter>
    </ClInclude>
    <ClInclude Include="msg_type.hxx">
      <Filter>Header Files</Filter>
    </ClInclude>
    <ClInclude Include="req_msg.hxx">
      <Filter>Header Files</Filter>
    </ClInclude>
    <ClInclude Include="pp_util.hxx">
      <Filter>Header Files</Filter>
    </ClInclude>
    <ClInclude Include="log_val_type.hxx">
      <Filter>Header Files</Filter>
    </ClInclude>
    <ClInclude Include="resp_msg.hxx">
      <Filter>Header Files</Filter>
    </ClInclude>
    <ClInclude Include="cluster_config.hxx">
      <Filter>Header Files</Filter>
    </ClInclude>
    <ClInclude Include="srv_config.hxx">
      <Filter>Header Files</Filter>
    </ClInclude>
    <ClInclude Include="logger.hxx">
      <Filter>Header Files</Filter>
    </ClInclude>
    <ClInclude Include="srv_state.hxx">
      <Filter>Header Files</Filter>
    </ClInclude>
    <ClInclude Include="log_store.hxx">
      <Filter>Header Files</Filter>
    </ClInclude>
    <ClInclude Include="state_mgr.hxx">
      <Filter>Header Files</Filter>
    </ClInclude>
    <ClInclude Include="raft_params.hxx">
      <Filter>Header Files</Filter>
    </ClInclude>
    <ClInclude Include="async.hxx">
      <Filter>Header Files</Filter>
    </ClInclude>
    <ClInclude Include="rpc_listener.hxx">
      <Filter>Header Files</Filter>
    </ClInclude>
    <ClInclude Include="state_machine.hxx">
      <Filter>Header Files</Filter>
    </ClInclude>
    <ClInclude Include="snapshot.hxx">
      <Filter>Header Files</Filter>
    </ClInclude>
    <ClInclude Include="rpc_cli_factory.hxx">
      <Filter>Header Files</Filter>
    </ClInclude>
    <ClInclude Include="rpc_cli.hxx">
      <Filter>Header Files</Filter>
    </ClInclude>
    <ClInclude Include="context.hxx">
      <Filter>Header Files</Filter>
    </ClInclude>
    <ClInclude Include="rpc_exception.hxx">
      <Filter>Header Files</Filter>
    </ClInclude>
    <ClInclude Include="srv_role.hxx">
      <Filter>Header Files</Filter>
    </ClInclude>
    <ClInclude Include="snapshot_sync_ctx.hxx">
      <Filter>Header Files</Filter>
    </ClInclude>
    <ClInclude Include="snapshot_sync_req.hxx">
      <Filter>Header Files</Filter>
    </ClInclude>
    <ClInclude Include="timer_task.hxx">
      <Filter>Header Files</Filter>
    </ClInclude>
    <ClInclude Include="delayed_task.hxx">
      <Filter>Header Files</Filter>
    </ClInclude>
    <ClInclude Include="delayed_task_scheduler.hxx">
      <Filter>Header Files</Filter>
    </ClInclude>
    <ClInclude Include="peer.hxx">
      <Filter>Header Files</Filter>
    </ClInclude>
    <ClInclude Include="raft_server.hxx">
      <Filter>Header Files</Filter>
    </ClInclude>
    <ClInclude Include="strfmt.hxx">
      <Filter>Header Files</Filter>
    </ClInclude>
    <ClInclude Include="asio_service.hxx">
      <Filter>Header Files</Filter>
    </ClInclude>
    <ClInclude Include="fs_log_store.hxx">
      <Filter>Header Files</Filter>
    </ClInclude>
    <ClInclude Include="ptr.hxx">
      <Filter>Header Files</Filter>
    </ClInclude>
  </ItemGroup>
  <ItemGroup>
    <ClCompile Include="tests\test_async_result.cxx">
      <Filter>Source Files\tests</Filter>
    </ClCompile>
    <ClCompile Include="peer.cxx">
      <Filter>Source Files</Filter>
    </ClCompile>
    <ClCompile Include="tests\test_runner.cxx">
      <Filter>Source Files\tests</Filter>
    </ClCompile>
    <ClCompile Include="tests\sources">
      <Filter>Source Files\tests</Filter>
    </ClCompile>
    <ClCompile Include="tests\test_strfmt.cxx">
      <Filter>Source Files\tests</Filter>
    </ClCompile>
    <ClCompile Include="raft_server.cxx">
      <Filter>Source Files</Filter>
    </ClCompile>
    <ClCompile Include="buffer.cxx">
      <Filter>Source Files</Filter>
    </ClCompile>
    <ClCompile Include="tests\test_buffer.cxx">
      <Filter>Source Files\tests</Filter>
    </ClCompile>
    <ClCompile Include="cluster_config.cxx">
      <Filter>Source Files</Filter>
    </ClCompile>
    <ClCompile Include="srv_config.cxx">
      <Filter>Source Files</Filter>
    </ClCompile>
    <ClCompile Include="snapshot_sync_req.cxx">
      <Filter>Source Files</Filter>
    </ClCompile>
    <ClCompile Include="snapshot.cxx">
      <Filter>Source Files</Filter>
    </ClCompile>
    <ClCompile Include="tests\test_serialization.cxx">
      <Filter>Source Files\tests</Filter>
    </ClCompile>
    <ClCompile Include="asio_service.cxx">
      <Filter>Source Files</Filter>
    </ClCompile>
    <ClCompile Include="tests\test_scheduler.cxx">
      <Filter>Source Files\tests</Filter>
    </ClCompile>
    <ClCompile Include="tests\test_raft_server.cxx">
      <Filter>Source Files\tests</Filter>
    </ClCompile>
    <ClCompile Include="tests\test_impls.cxx">
      <Filter>Source Files\tests</Filter>
    </ClCompile>
    <ClCompile Include="tests\test_logger.cxx">
      <Filter>Source Files\tests</Filter>
    </ClCompile>
    <ClCompile Include="tests\timer.cxx">
      <Filter>Source Files\tests</Filter>
    </ClCompile>
    <ClCompile Include="fs_log_store.cxx">
      <Filter>Source Files</Filter>
    </ClCompile>
    <ClCompile Include="tests\test_log_store.cxx">
      <Filter>Source Files\tests</Filter>
    </ClCompile>
    <ClCompile Include="tests\test_ptr.cxx">
      <Filter>Source Files\tests</Filter>
    </ClCompile>
  </ItemGroup>
  <ItemGroup>
    <None Include="tests\Makefile.win">
      <Filter>Source Files\tests</Filter>
    </None>
    <None Include="sources">
      <Filter>Source Files</Filter>
    </None>
  </ItemGroup>
</Project>